
Microsoft Visual Studio Solution File, Format Version 12.00
# Visual Studio Version 17
VisualStudioVersion = 17.0.31912.275
MinimumVisualStudioVersion = 10.0.40219.1
Project("{9A19103F-16F7-4668-BE54-9A1E7A4F7556}") = "MinChatNet", "MinChatNet\MinChatNet.csproj", "{35EA7204-CE3C-471F-80A6-A3D98732802E}"
EndProject
Project("{9A19103F-16F7-4668-BE54-9A1E7A4F7556}") = "MinChatNet.ChatApi", "MinChatNet.ChatApi\MinChatNet.ChatApi.csproj", "{A27A9939-756A-4558-B35D-DA7067165A6A}"
EndProject
Global
	GlobalSection(SolutionConfigurationPlatforms) = preSolution
		Debug|Any CPU = Debug|Any CPU
		Release|Any CPU = Release|Any CPU
	EndGlobalSection
	GlobalSection(ProjectConfigurationPlatforms) = postSolution
		{35EA7204-CE3C-471F-80A6-A3D98732802E}.Debug|Any CPU.ActiveCfg = Debug|Any CPU
		{35EA7204-CE3C-471F-80A6-A3D98732802E}.Debug|Any CPU.Build.0 = Debug|Any CPU
		{35EA7204-CE3C-471F-80A6-A3D98732802E}.Release|Any CPU.ActiveCfg = Release|Any CPU
		{35EA7204-CE3C-471F-80A6-A3D98732802E}.Release|Any CPU.Build.0 = Release|Any CPU
		{A27A9939-756A-4558-B35D-DA7067165A6A}.Debug|Any CPU.ActiveCfg = Debug|Any CPU
		{A27A9939-756A-4558-B35D-DA7067165A6A}.Debug|Any CPU.Build.0 = Debug|Any CPU
		{A27A9939-756A-4558-B35D-DA7067165A6A}.Release|Any CPU.ActiveCfg = Release|Any CPU
		{A27A9939-756A-4558-B35D-DA7067165A6A}.Release|Any CPU.Build.0 = Release|Any CPU
	EndGlobalSection
	GlobalSection(SolutionProperties) = preSolution
		HideSolutionNode = FALSE
	EndGlobalSection
	GlobalSection(ExtensibilityGlobals) = postSolution
		SolutionGuid = {6CC8E0C3-CC3C-481B-85EF-BC54EF0EF3BD}
	EndGlobalSection
EndGlobal
